
Microsoft Visual Studio Solution File, Format Version 12.00
# Visual Studio 2013
VisualStudioVersion = 12.0.31101.0
MinimumVisualStudioVersion = 10.0.40219.1
Project("{FAE04EC0-301F-11D3-BF4B-00C04F79EFBC}") = "SportsStore.Domain", "SportsStore.Domain\SportsStore.Domain.csproj", "{F7520F95-A186-4671-8E98-96B4D00DDD58}"
EndProject
Project("{FAE04EC0-301F-11D3-BF4B-00C04F79EFBC}") = "SportsStore.WebUI", "SportsStore.WebUI\SportsStore.WebUI.csproj", "{7BB416A8-B2DA-41C3-9D59-91B891CBB5A1}"
EndProject
Project("{FAE04EC0-301F-11D3-BF4B-00C04F79EFBC}") = "SportsStore.UnitTests", "SportsStore.UnitTests\SportsStore.UnitTests.csproj", "{90B63ABF-F059-43BE-AF84-A81CF6069BA1}"
EndProject
Global
	GlobalSection(SolutionConfigurationPlatforms) = preSolution
		Debug|Any CPU = Debug|Any CPU
		Release|Any CPU = Release|Any CPU
	EndGlobalSection
	GlobalSection(ProjectConfigurationPlatforms) = postSolution
		{F7520F95-A186-4671-8E98-96B4D00DDD58}.Debug|Any CPU.ActiveCfg = Debug|Any CPU
		{F7520F95-A186-4671-8E98-96B4D00DDD58}.Debug|Any CPU.Build.0 = Debug|Any CPU
		{F7520F95-A186-4671-8E98-96B4D00DDD58}.Release|Any CPU.ActiveCfg = Release|Any CPU
		{F7520F95-A186-4671-8E98-96B4D00DDD58}.Release|Any CPU.Build.0 = Release|Any CPU
		{7BB416A8-B2DA-41C3-9D59-91B891CBB5A1}.Debug|Any CPU.ActiveCfg = Debug|Any CPU
		{7BB416A8-B2DA-41C3-9D59-91B891CBB5A1}.Debug|Any CPU.Build.0 = Debug|Any CPU
		{7BB416A8-B2DA-41C3-9D59-91B891CBB5A1}.Release|Any CPU.ActiveCfg = Release|Any CPU
		{7BB416A8-B2DA-41C3-9D59-91B891CBB5A1}.Release|Any CPU.Build.0 = Release|Any CPU
		{90B63ABF-F059-43BE-AF84-A81CF6069BA1}.Debug|Any CPU.ActiveCfg = Debug|Any CPU
		{90B63ABF-F059-43BE-AF84-A81CF6069BA1}.Debug|Any CPU.Build.0 = Debug|Any CPU
		{90B63ABF-F059-43BE-AF84-A81CF6069BA1}.Release|Any CPU.ActiveCfg = Release|Any CPU
		{90B63ABF-F059-43BE-AF84-A81CF6069BA1}.Release|Any CPU.Build.0 = Release|Any CPU
	EndGlobalSection
	GlobalSection(SolutionProperties) = preSolution
		HideSolutionNode = FALSE
	EndGlobalSection
EndGlobal
