
Microsoft Visual Studio Solution File, Format Version 12.00
# Visual Studio 2013
VisualStudioVersion = 12.0.31101.0
MinimumVisualStudioVersion = 10.0.40219.1
Project("{FAE04EC0-301F-11D3-BF4B-00C04F79EFBC}") = "DrawingBoard", "DrawingBoard\DrawingBoard.csproj", "{7B2DAD6D-715D-4ECB-BC3E-A5B79778B424}"
EndProject
Project("{FAE04EC0-301F-11D3-BF4B-00C04F79EFBC}") = "ConsoleDrawingBoardClient", "ConsoleDrawingBoardClient\ConsoleDrawingBoardClient.csproj", "{6A5A6C6C-30CA-40B4-8345-AAB575CB9885}"
EndProject
Global
	GlobalSection(SolutionConfigurationPlatforms) = preSolution
		Debug|Any CPU = Debug|Any CPU
		Release|Any CPU = Release|Any CPU
	EndGlobalSection
	GlobalSection(ProjectConfigurationPlatforms) = postSolution
		{7B2DAD6D-715D-4ECB-BC3E-A5B79778B424}.Debug|Any CPU.ActiveCfg = Debug|Any CPU
		{7B2DAD6D-715D-4ECB-BC3E-A5B79778B424}.Debug|Any CPU.Build.0 = Debug|Any CPU
		{7B2DAD6D-715D-4ECB-BC3E-A5B79778B424}.Release|Any CPU.ActiveCfg = Release|Any CPU
		{7B2DAD6D-715D-4ECB-BC3E-A5B79778B424}.Release|Any CPU.Build.0 = Release|Any CPU
		{6A5A6C6C-30CA-40B4-8345-AAB575CB9885}.Debug|Any CPU.ActiveCfg = Debug|Any CPU
		{6A5A6C6C-30CA-40B4-8345-AAB575CB9885}.Debug|Any CPU.Build.0 = Debug|Any CPU
		{6A5A6C6C-30CA-40B4-8345-AAB575CB9885}.Release|Any CPU.ActiveCfg = Release|Any CPU
		{6A5A6C6C-30CA-40B4-8345-AAB575CB9885}.Release|Any CPU.Build.0 = Release|Any CPU
	EndGlobalSection
	GlobalSection(SolutionProperties) = preSolution
		HideSolutionNode = FALSE
	EndGlobalSection
EndGlobal
