
Microsoft Visual Studio Solution File, Format Version 12.00
# Visual Studio 2013
VisualStudioVersion = 12.0.31101.0
MinimumVisualStudioVersion = 10.0.40219.1
Project("{FAE04EC0-301F-11D3-BF4B-00C04F79EFBC}") = "TestableSignalrApp", "TestableSignalrApp\TestableSignalrApp.csproj", "{18725691-3857-49D3-ABDE-C630F7A77201}"
EndProject
Project("{FAE04EC0-301F-11D3-BF4B-00C04F79EFBC}") = "TestableSignalrApp.Tests", "TestableSignalrApp.Tests\TestableSignalrApp.Tests.csproj", "{EA51D600-501B-4B1E-820E-5D8E0198D845}"
EndProject
Global
	GlobalSection(SolutionConfigurationPlatforms) = preSolution
		Debug|Any CPU = Debug|Any CPU
		Release|Any CPU = Release|Any CPU
	EndGlobalSection
	GlobalSection(ProjectConfigurationPlatforms) = postSolution
		{18725691-3857-49D3-ABDE-C630F7A77201}.Debug|Any CPU.ActiveCfg = Debug|Any CPU
		{18725691-3857-49D3-ABDE-C630F7A77201}.Debug|Any CPU.Build.0 = Debug|Any CPU
		{18725691-3857-49D3-ABDE-C630F7A77201}.Release|Any CPU.ActiveCfg = Release|Any CPU
		{18725691-3857-49D3-ABDE-C630F7A77201}.Release|Any CPU.Build.0 = Release|Any CPU
		{EA51D600-501B-4B1E-820E-5D8E0198D845}.Debug|Any CPU.ActiveCfg = Debug|Any CPU
		{EA51D600-501B-4B1E-820E-5D8E0198D845}.Debug|Any CPU.Build.0 = Debug|Any CPU
		{EA51D600-501B-4B1E-820E-5D8E0198D845}.Release|Any CPU.ActiveCfg = Release|Any CPU
		{EA51D600-501B-4B1E-820E-5D8E0198D845}.Release|Any CPU.Build.0 = Release|Any CPU
	EndGlobalSection
	GlobalSection(SolutionProperties) = preSolution
		HideSolutionNode = FALSE
	EndGlobalSection
EndGlobal
