
Microsoft Visual Studio Solution File, Format Version 12.00
# Visual Studio 2013
VisualStudioVersion = 12.0.31101.0
MinimumVisualStudioVersion = 10.0.40219.1
Project("{FAE04EC0-301F-11D3-BF4B-00C04F79EFBC}") = "UrlsAndRoutes", "UrlsAndRoutes\UrlsAndRoutes.csproj", "{FBB620F8-DB98-4A8D-A49F-A382EDB9116E}"
EndProject
Project("{FAE04EC0-301F-11D3-BF4B-00C04F79EFBC}") = "UrlsAndRoutes.Tests", "UrlsAndRoutes.Tests\UrlsAndRoutes.Tests.csproj", "{1C79BEB1-A2A7-4A42-BD3C-03E30C8275BB}"
EndProject
Global
	GlobalSection(SolutionConfigurationPlatforms) = preSolution
		Debug|Any CPU = Debug|Any CPU
		Release|Any CPU = Release|Any CPU
	EndGlobalSection
	GlobalSection(ProjectConfigurationPlatforms) = postSolution
		{FBB620F8-DB98-4A8D-A49F-A382EDB9116E}.Debug|Any CPU.ActiveCfg = Debug|Any CPU
		{FBB620F8-DB98-4A8D-A49F-A382EDB9116E}.Debug|Any CPU.Build.0 = Debug|Any CPU
		{FBB620F8-DB98-4A8D-A49F-A382EDB9116E}.Release|Any CPU.ActiveCfg = Release|Any CPU
		{FBB620F8-DB98-4A8D-A49F-A382EDB9116E}.Release|Any CPU.Build.0 = Release|Any CPU
		{1C79BEB1-A2A7-4A42-BD3C-03E30C8275BB}.Debug|Any CPU.ActiveCfg = Debug|Any CPU
		{1C79BEB1-A2A7-4A42-BD3C-03E30C8275BB}.Debug|Any CPU.Build.0 = Debug|Any CPU
		{1C79BEB1-A2A7-4A42-BD3C-03E30C8275BB}.Release|Any CPU.ActiveCfg = Release|Any CPU
		{1C79BEB1-A2A7-4A42-BD3C-03E30C8275BB}.Release|Any CPU.Build.0 = Release|Any CPU
	EndGlobalSection
	GlobalSection(SolutionProperties) = preSolution
		HideSolutionNode = FALSE
	EndGlobalSection
EndGlobal
